
Microsoft Visual Studio Solution File, Format Version 12.00
# Visual Studio 15
VisualStudioVersion = 15.0.27703.2042
MinimumVisualStudioVersion = 10.0.40219.1
Project("{FAE04EC0-301F-11D3-BF4B-00C04F79EFBC}") = "RUToEng_translation", "RUToEng_translation.csproj", "{7336E65E-7CBD-419B-AAF5-6C6A01E6E346}"
EndProject
Global
	GlobalSection(SolutionConfigurationPlatforms) = preSolution
		Debug|Any CPU = Debug|Any CPU
		Release|Any CPU = Release|Any CPU
	EndGlobalSection
	GlobalSection(ProjectConfigurationPlatforms) = postSolution
		{7336E65E-7CBD-419B-AAF5-6C6A01E6E346}.Debug|Any CPU.ActiveCfg = Debug|Any CPU
		{7336E65E-7CBD-419B-AAF5-6C6A01E6E346}.Debug|Any CPU.Build.0 = Debug|Any CPU
		{7336E65E-7CBD-419B-AAF5-6C6A01E6E346}.Release|Any CPU.ActiveCfg = Release|Any CPU
		{7336E65E-7CBD-419B-AAF5-6C6A01E6E346}.Release|Any CPU.Build.0 = Release|Any CPU
	EndGlobalSection
	GlobalSection(SolutionProperties) = preSolution
		HideSolutionNode = FALSE
	EndGlobalSection
	GlobalSection(ExtensibilityGlobals) = postSolution
		SolutionGuid = {C49C86DC-7F18-47B2-8A46-0D1522BB72CD}
	EndGlobalSection
EndGlobal
